// !$*UTF8*$!
{
	archiveVersion = 1;
	classes = {
	};
	objectVersion = 50;
	objects = {

/* Begin PBXBuildFile section */
		FA065C3F24AE88E400A1B34F /* AppDelegate.swift in Sources */ = {isa = PBXBuildFile; fileRef = FA065C3E24AE88E400A1B34F /* AppDelegate.swift */; };
		FA065C4624AE88E400A1B34F /* Main.storyboard in Resources */ = {isa = PBXBuildFile; fileRef = FA065C4424AE88E400A1B34F /* Main.storyboard */; };
		FA065C4924AE88E400A1B34F /* ShoppingList.xcdatamodeld in Sources */ = {isa = PBXBuildFile; fileRef = FA065C4724AE88E400A1B34F /* ShoppingList.xcdatamodeld */; };
		FA065C4B24AE88E500A1B34F /* Assets.xcassets in Resources */ = {isa = PBXBuildFile; fileRef = FA065C4A24AE88E500A1B34F /* Assets.xcassets */; };
		FA065C4E24AE88E500A1B34F /* LaunchScreen.storyboard in Resources */ = {isa = PBXBuildFile; fileRef = FA065C4C24AE88E500A1B34F /* LaunchScreen.storyboard */; };
		FA065C5924AE88E500A1B34F /* ShoppingListTests.swift in Sources */ = {isa = PBXBuildFile; fileRef = FA065C5824AE88E500A1B34F /* ShoppingListTests.swift */; };
		FA065C6424AE88E500A1B34F /* ShoppingListUITests.swift in Sources */ = {isa = PBXBuildFile; fileRef = FA065C6324AE88E500A1B34F /* ShoppingListUITests.swift */; };
		FA065C7C24AF173700A1B34F /* Networking.swift in Sources */ = {isa = PBXBuildFile; fileRef = FA065C7B24AF173700A1B34F /* Networking.swift */; };
		FA065C7F24AF272D00A1B34F /* Network.swift in Sources */ = {isa = PBXBuildFile; fileRef = FA065C7E24AF272D00A1B34F /* Network.swift */; };
		FA065C8124AF41B400A1B34F /* NetworkRequest.swift in Sources */ = {isa = PBXBuildFile; fileRef = FA065C8024AF41B400A1B34F /* NetworkRequest.swift */; };
		FA065C8324AF41EC00A1B34F /* ShoppingListModel.swift in Sources */ = {isa = PBXBuildFile; fileRef = FA065C8224AF41EC00A1B34F /* ShoppingListModel.swift */; };
		FA065C8B24AF47FD00A1B34F /* ShoppingListViewController.swift in Sources */ = {isa = PBXBuildFile; fileRef = FA065C8A24AF47FD00A1B34F /* ShoppingListViewController.swift */; };
		FA065C8E24AF4F2700A1B34F /* ShoppingListViewModel.swift in Sources */ = {isa = PBXBuildFile; fileRef = FA065C8D24AF4F2700A1B34F /* ShoppingListViewModel.swift */; };
		FA065C9324AF5F3000A1B34F /* Constants.swift in Sources */ = {isa = PBXBuildFile; fileRef = FA065C9224AF5F3000A1B34F /* Constants.swift */; };
		FA065C9524AF838800A1B34F /* UITableView+HelperClass.swift in Sources */ = {isa = PBXBuildFile; fileRef = FA065C9424AF838800A1B34F /* UITableView+HelperClass.swift */; };
		FA065C9824AF83E500A1B34F /* ReusableView.swift in Sources */ = {isa = PBXBuildFile; fileRef = FA065C9724AF83E500A1B34F /* ReusableView.swift */; };
		FA065C9B24AF844400A1B34F /* ShoppingListReusableCell.swift in Sources */ = {isa = PBXBuildFile; fileRef = FA065C9924AF844400A1B34F /* ShoppingListReusableCell.swift */; };
		FA065C9C24AF844400A1B34F /* ShoppingListReusableCell.xib in Resources */ = {isa = PBXBuildFile; fileRef = FA065C9A24AF844400A1B34F /* ShoppingListReusableCell.xib */; };
		FA065C9E24B0746E00A1B34F /* CoreDataWrapper.swift in Sources */ = {isa = PBXBuildFile; fileRef = FA065C9D24B0746E00A1B34F /* CoreDataWrapper.swift */; };
		FA065CA124B111AB00A1B34F /* UICollectionViewCell+HelperClass.swift in Sources */ = {isa = PBXBuildFile; fileRef = FA065CA024B111AB00A1B34F /* UICollectionViewCell+HelperClass.swift */; };
		FA065CA424B1130800A1B34F /* FilterListReusableCell.swift in Sources */ = {isa = PBXBuildFile; fileRef = FA065CA224B1130800A1B34F /* FilterListReusableCell.swift */; };
		FA065CA524B1130800A1B34F /* FilterListReusableCell.xib in Resources */ = {isa = PBXBuildFile; fileRef = FA065CA324B1130800A1B34F /* FilterListReusableCell.xib */; };
		FA065CA724B1237D00A1B34F /* CardView.swift in Sources */ = {isa = PBXBuildFile; fileRef = FA065CA624B1237D00A1B34F /* CardView.swift */; };
		FA065CC324B1C68500A1B34F /* ShoppingProductDetailViewController.swift in Sources */ = {isa = PBXBuildFile; fileRef = FA065CC224B1C68400A1B34F /* ShoppingProductDetailViewController.swift */; };
/* End PBXBuildFile section */

/* Begin PBXContainerItemProxy section */
		FA065C5524AE88E500A1B34F /* PBXContainerItemProxy */ = {
			isa = PBXContainerItemProxy;
			containerPortal = FA065C3324AE88E400A1B34F /* Project object */;
			proxyType = 1;
			remoteGlobalIDString = FA065C3A24AE88E400A1B34F;
			remoteInfo = ShoppingList;
		};
		FA065C6024AE88E500A1B34F /* PBXContainerItemProxy */ = {
			isa = PBXContainerItemProxy;
			containerPortal = FA065C3324AE88E400A1B34F /* Project object */;
			proxyType = 1;
			remoteGlobalIDString = FA065C3A24AE88E400A1B34F;
			remoteInfo = ShoppingList;
		};
/* End PBXContainerItemProxy section */

/* Begin PBXFileReference section */
		FA065C3B24AE88E400A1B34F /* ShoppingList.app */ = {isa = PBXFileReference; explicitFileType = wrapper.application; includeInIndex = 0; path = ShoppingList.app; sourceTree = BUILT_PRODUCTS_DIR; };
		FA065C3E24AE88E400A1B34F /* AppDelegate.swift */ = {isa = PBXFileReference; lastKnownFileType = sourcecode.swift; path = AppDelegate.swift; sourceTree = "<group>"; };
		FA065C4524AE88E400A1B34F /* Base */ = {isa = PBXFileReference; lastKnownFileType = file.storyboard; name = Base; path = Base.lproj/Main.storyboard; sourceTree = "<group>"; };
		FA065C4824AE88E400A1B34F /* ShoppingList.xcdatamodel */ = {isa = PBXFileReference; lastKnownFileType = wrapper.xcdatamodel; path = ShoppingList.xcdatamodel; sourceTree = "<group>"; };
		FA065C4A24AE88E500A1B34F /* Assets.xcassets */ = {isa = PBXFileReference; lastKnownFileType = folder.assetcatalog; path = Assets.xcassets; sourceTree = "<group>"; };
		FA065C4D24AE88E500A1B34F /* Base */ = {isa = PBXFileReference; lastKnownFileType = file.storyboard; name = Base; path = Base.lproj/LaunchScreen.storyboard; sourceTree = "<group>"; };
		FA065C4F24AE88E500A1B34F /* Info.plist */ = {isa = PBXFileReference; lastKnownFileType = text.plist.xml; path = Info.plist; sourceTree = "<group>"; };
		FA065C5424AE88E500A1B34F /* ShoppingListTests.xctest */ = {isa = PBXFileReference; explicitFileType = wrapper.cfbundle; includeInIndex = 0; path = ShoppingListTests.xctest; sourceTree = BUILT_PRODUCTS_DIR; };
		FA065C5824AE88E500A1B34F /* ShoppingListTests.swift */ = {isa = PBXFileReference; lastKnownFileType = sourcecode.swift; path = ShoppingListTests.swift; sourceTree = "<group>"; };
		FA065C5A24AE88E500A1B34F /* Info.plist */ = {isa = PBXFileReference; lastKnownFileType = text.plist.xml; path = Info.plist; sourceTree = "<group>"; };
		FA065C5F24AE88E500A1B34F /* ShoppingListUITests.xctest */ = {isa = PBXFileReference; explicitFileType = wrapper.cfbundle; includeInIndex = 0; path = ShoppingListUITests.xctest; sourceTree = BUILT_PRODUCTS_DIR; };
		FA065C6324AE88E500A1B34F /* ShoppingListUITests.swift */ = {isa = PBXFileReference; lastKnownFileType = sourcecode.swift; path = ShoppingListUITests.swift; sourceTree = "<group>"; };
		FA065C6524AE88E500A1B34F /* Info.plist */ = {isa = PBXFileReference; lastKnownFileType = text.plist.xml; path = Info.plist; sourceTree = "<group>"; };
		FA065C7B24AF173700A1B34F /* Networking.swift */ = {isa = PBXFileReference; lastKnownFileType = sourcecode.swift; path = Networking.swift; sourceTree = "<group>"; };
		FA065C7E24AF272D00A1B34F /* Network.swift */ = {isa = PBXFileReference; lastKnownFileType = sourcecode.swift; path = Network.swift; sourceTree = "<group>"; };
		FA065C8024AF41B400A1B34F /* NetworkRequest.swift */ = {isa = PBXFileReference; lastKnownFileType = sourcecode.swift; path = NetworkRequest.swift; sourceTree = "<group>"; };
		FA065C8224AF41EC00A1B34F /* ShoppingListModel.swift */ = {isa = PBXFileReference; lastKnownFileType = sourcecode.swift; path = ShoppingListModel.swift; sourceTree = "<group>"; };
		FA065C8A24AF47FD00A1B34F /* ShoppingListViewController.swift */ = {isa = PBXFileReference; lastKnownFileType = sourcecode.swift; path = ShoppingListViewController.swift; sourceTree = "<group>"; };
		FA065C8D24AF4F2700A1B34F /* ShoppingListViewModel.swift */ = {isa = PBXFileReference; lastKnownFileType = sourcecode.swift; path = ShoppingListViewModel.swift; sourceTree = "<group>"; };
		FA065C9224AF5F3000A1B34F /* Constants.swift */ = {isa = PBXFileReference; lastKnownFileType = sourcecode.swift; path = Constants.swift; sourceTree = "<group>"; };
		FA065C9424AF838800A1B34F /* UITableView+HelperClass.swift */ = {isa = PBXFileReference; lastKnownFileType = sourcecode.swift; path = "UITableView+HelperClass.swift"; sourceTree = "<group>"; };
		FA065C9724AF83E500A1B34F /* ReusableView.swift */ = {isa = PBXFileReference; lastKnownFileType = sourcecode.swift; path = ReusableView.swift; sourceTree = "<group>"; };
		FA065C9924AF844400A1B34F /* ShoppingListReusableCell.swift */ = {isa = PBXFileReference; lastKnownFileType = sourcecode.swift; path = ShoppingListReusableCell.swift; sourceTree = "<group>"; };
		FA065C9A24AF844400A1B34F /* ShoppingListReusableCell.xib */ = {isa = PBXFileReference; lastKnownFileType = file.xib; path = ShoppingListReusableCell.xib; sourceTree = "<group>"; };
		FA065C9D24B0746E00A1B34F /* CoreDataWrapper.swift */ = {isa = PBXFileReference; lastKnownFileType = sourcecode.swift; path = CoreDataWrapper.swift; sourceTree = "<group>"; };
		FA065CA024B111AB00A1B34F /* UICollectionViewCell+HelperClass.swift */ = {isa = PBXFileReference; lastKnownFileType = sourcecode.swift; path = "UICollectionViewCell+HelperClass.swift"; sourceTree = "<group>"; };
		FA065CA224B1130800A1B34F /* FilterListReusableCell.swift */ = {isa = PBXFileReference; lastKnownFileType = sourcecode.swift; path = FilterListReusableCell.swift; sourceTree = "<group>"; };
		FA065CA324B1130800A1B34F /* FilterListReusableCell.xib */ = {isa = PBXFileReference; lastKnownFileType = file.xib; path = FilterListReusableCell.xib; sourceTree = "<group>"; };
		FA065CA624B1237D00A1B34F /* CardView.swift */ = {isa = PBXFileReference; fileEncoding = 4; lastKnownFileType = sourcecode.swift; path = CardView.swift; sourceTree = "<group>"; };
		FA065CC224B1C68400A1B34F /* ShoppingProductDetailViewController.swift */ = {isa = PBXFileReference; fileEncoding = 4; lastKnownFileType = sourcecode.swift; path = ShoppingProductDetailViewController.swift; sourceTree = "<group>"; };
/* End PBXFileReference section */

/* Begin PBXFrameworksBuildPhase section */
		FA065C3824AE88E400A1B34F /* Frameworks */ = {
			isa = PBXFrameworksBuildPhase;
			buildActionMask = 2147483647;
			files = (
			);
			runOnlyForDeploymentPostprocessing = 0;
		};
		FA065C5124AE88E500A1B34F /* Frameworks */ = {
			isa = PBXFrameworksBuildPhase;
			buildActionMask = 2147483647;
			files = (
			);
			runOnlyForDeploymentPostprocessing = 0;
		};
		FA065C5C24AE88E500A1B34F /* Frameworks */ = {
			isa = PBXFrameworksBuildPhase;
			buildActionMask = 2147483647;
			files = (
			);
			runOnlyForDeploymentPostprocessing = 0;
		};
/* End PBXFrameworksBuildPhase section */

/* Begin PBXGroup section */
		FA065C3224AE88E400A1B34F = {
			isa = PBXGroup;
			children = (
				FA065C3D24AE88E400A1B34F /* ShoppingList */,
				FA065C5724AE88E500A1B34F /* ShoppingListTests */,
				FA065C6224AE88E500A1B34F /* ShoppingListUITests */,
				FA065C3C24AE88E400A1B34F /* Products */,
			);
			sourceTree = "<group>";
		};
		FA065C3C24AE88E400A1B34F /* Products */ = {
			isa = PBXGroup;
			children = (
				FA065C3B24AE88E400A1B34F /* ShoppingList.app */,
				FA065C5424AE88E500A1B34F /* ShoppingListTests.xctest */,
				FA065C5F24AE88E500A1B34F /* ShoppingListUITests.xctest */,
			);
			name = Products;
			sourceTree = "<group>";
		};
		FA065C3D24AE88E400A1B34F /* ShoppingList */ = {
			isa = PBXGroup;
			children = (
				FA065CA824B1237F00A1B34F /* Helper */,
				FA065C3E24AE88E400A1B34F /* AppDelegate.swift */,
				FA065C4424AE88E400A1B34F /* Main.storyboard */,
				FA065C4A24AE88E500A1B34F /* Assets.xcassets */,
				FA065C4C24AE88E500A1B34F /* LaunchScreen.storyboard */,
				FA065C4F24AE88E500A1B34F /* Info.plist */,
				FA065C4724AE88E400A1B34F /* ShoppingList.xcdatamodeld */,
				FA065C7D24AF174400A1B34F /* ShoppingListNetworking */,
				FA065C8424AF41F200A1B34F /* ShoppingListModel */,
				FA065C8C24AF480600A1B34F /* ShoppingController */,
				FA065C8F24AF4F3C00A1B34F /* ShoppingListViewModel */,
				FA065C9624AF83B500A1B34F /* ReusableCell */,
				FA065C9F24B0758300A1B34F /* PersistantData */,
			);
			path = ShoppingList;
			sourceTree = "<group>";
		};
		FA065C5724AE88E500A1B34F /* ShoppingListTests */ = {
			isa = PBXGroup;
			children = (
				FA065C5824AE88E500A1B34F /* ShoppingListTests.swift */,
				FA065C5A24AE88E500A1B34F /* Info.plist */,
			);
			path = ShoppingListTests;
			sourceTree = "<group>";
		};
		FA065C6224AE88E500A1B34F /* ShoppingListUITests */ = {
			isa = PBXGroup;
			children = (
				FA065C6324AE88E500A1B34F /* ShoppingListUITests.swift */,
				FA065C6524AE88E500A1B34F /* Info.plist */,
			);
			path = ShoppingListUITests;
			sourceTree = "<group>";
		};
		FA065C7D24AF174400A1B34F /* ShoppingListNetworking */ = {
			isa = PBXGroup;
			children = (
				FA065C7B24AF173700A1B34F /* Networking.swift */,
				FA065C7E24AF272D00A1B34F /* Network.swift */,
				FA065C8024AF41B400A1B34F /* NetworkRequest.swift */,
			);
			path = ShoppingListNetworking;
			sourceTree = "<group>";
		};
		FA065C8424AF41F200A1B34F /* ShoppingListModel */ = {
			isa = PBXGroup;
			children = (
				FA065C8224AF41EC00A1B34F /* ShoppingListModel.swift */,
			);
			path = ShoppingListModel;
			sourceTree = "<group>";
		};
		FA065C8C24AF480600A1B34F /* ShoppingController */ = {
			isa = PBXGroup;
			children = (
				FA065CC224B1C68400A1B34F /* ShoppingProductDetailViewController.swift */,
				FA065C8A24AF47FD00A1B34F /* ShoppingListViewController.swift */,
			);
			path = ShoppingController;
			sourceTree = "<group>";
		};
		FA065C8F24AF4F3C00A1B34F /* ShoppingListViewModel */ = {
			isa = PBXGroup;
			children = (
				FA065C9224AF5F3000A1B34F /* Constants.swift */,
				FA065C8D24AF4F2700A1B34F /* ShoppingListViewModel.swift */,
			);
			path = ShoppingListViewModel;
			sourceTree = "<group>";
		};
		FA065C9624AF83B500A1B34F /* ReusableCell */ = {
			isa = PBXGroup;
			children = (
				FA065C9424AF838800A1B34F /* UITableView+HelperClass.swift */,
				FA065C9724AF83E500A1B34F /* ReusableView.swift */,
				FA065C9924AF844400A1B34F /* ShoppingListReusableCell.swift */,
				FA065C9A24AF844400A1B34F /* ShoppingListReusableCell.xib */,
				FA065CA024B111AB00A1B34F /* UICollectionViewCell+HelperClass.swift */,
				FA065CA224B1130800A1B34F /* FilterListReusableCell.swift */,
				FA065CA324B1130800A1B34F /* FilterListReusableCell.xib */,
			);
			path = ReusableCell;
			sourceTree = "<group>";
		};
		FA065C9F24B0758300A1B34F /* PersistantData */ = {
			isa = PBXGroup;
			children = (
				FA065C9D24B0746E00A1B34F /* CoreDataWrapper.swift */,
			);
			path = PersistantData;
			sourceTree = "<group>";
		};
		FA065CA824B1237F00A1B34F /* Helper */ = {
			isa = PBXGroup;
			children = (
				FA065CA624B1237D00A1B34F /* CardView.swift */,
			);
			path = Helper;
			sourceTree = "<group>";
		};
/* End PBXGroup section */

/* Begin PBXNativeTarget section */
		FA065C3A24AE88E400A1B34F /* ShoppingList */ = {
			isa = PBXNativeTarget;
			buildConfigurationList = FA065C6824AE88E500A1B34F /* Build configuration list for PBXNativeTarget "ShoppingList" */;
			buildPhases = (
				FA065C3724AE88E400A1B34F /* Sources */,
				FA065C3824AE88E400A1B34F /* Frameworks */,
				FA065C3924AE88E400A1B34F /* Resources */,
			);
			buildRules = (
			);
			dependencies = (
			);
			name = ShoppingList;
			packageProductDependencies = (
			);
			productName = ShoppingList;
			productReference = FA065C3B24AE88E400A1B34F /* ShoppingList.app */;
			productType = "com.apple.product-type.application";
		};
		FA065C5324AE88E500A1B34F /* ShoppingListTests */ = {
			isa = PBXNativeTarget;
			buildConfigurationList = FA065C6B24AE88E500A1B34F /* Build configuration list for PBXNativeTarget "ShoppingListTests" */;
			buildPhases = (
				FA065C5024AE88E500A1B34F /* Sources */,
				FA065C5124AE88E500A1B34F /* Frameworks */,
				FA065C5224AE88E500A1B34F /* Resources */,
			);
			buildRules = (
			);
			dependencies = (
				FA065C5624AE88E500A1B34F /* PBXTargetDependency */,
			);
			name = ShoppingListTests;
			productName = ShoppingListTests;
			productReference = FA065C5424AE88E500A1B34F /* ShoppingListTests.xctest */;
			productType = "com.apple.product-type.bundle.unit-test";
		};
		FA065C5E24AE88E500A1B34F /* ShoppingListUITests */ = {
			isa = PBXNativeTarget;
			buildConfigurationList = FA065C6E24AE88E500A1B34F /* Build configuration list for PBXNativeTarget "ShoppingListUITests" */;
			buildPhases = (
				FA065C5B24AE88E500A1B34F /* Sources */,
				FA065C5C24AE88E500A1B34F /* Frameworks */,
				FA065C5D24AE88E500A1B34F /* Resources */,
			);
			buildRules = (
			);
			dependencies = (
				FA065C6124AE88E500A1B34F /* PBXTargetDependency */,
			);
			name = ShoppingListUITests;
			productName = ShoppingListUITests;
			productReference = FA065C5F24AE88E500A1B34F /* ShoppingListUITests.xctest */;
			productType = "com.apple.product-type.bundle.ui-testing";
		};
/* End PBXNativeTarget section */

/* Begin PBXProject section */
		FA065C3324AE88E400A1B34F /* Project object */ = {
			isa = PBXProject;
			attributes = {
				LastSwiftUpdateCheck = 1120;
				LastUpgradeCheck = 1120;
				ORGANIZATIONNAME = iSingh;
				TargetAttributes = {
					FA065C3A24AE88E400A1B34F = {
						CreatedOnToolsVersion = 11.2.1;
					};
					FA065C5324AE88E500A1B34F = {
						CreatedOnToolsVersion = 11.2.1;
						TestTargetID = FA065C3A24AE88E400A1B34F;
					};
					FA065C5E24AE88E500A1B34F = {
						CreatedOnToolsVersion = 11.2.1;
						TestTargetID = FA065C3A24AE88E400A1B34F;
					};
				};
			};
			buildConfigurationList = FA065C3624AE88E400A1B34F /* Build configuration list for PBXProject "ShoppingList" */;
			compatibilityVersion = "Xcode 9.3";
			developmentRegion = en;
			hasScannedForEncodings = 0;
			knownRegions = (
				en,
				Base,
			);
			mainGroup = FA065C3224AE88E400A1B34F;
			packageReferences = (
			);
			productRefGroup = FA065C3C24AE88E400A1B34F /* Products */;
			projectDirPath = "";
			projectRoot = "";
			targets = (
				FA065C3A24AE88E400A1B34F /* ShoppingList */,
				FA065C5324AE88E500A1B34F /* ShoppingListTests */,
				FA065C5E24AE88E500A1B34F /* ShoppingListUITests */,
			);
		};
/* End PBXProject section */

/* Begin PBXResourcesBuildPhase section */
		FA065C3924AE88E400A1B34F /* Resources */ = {
			isa = PBXResourcesBuildPhase;
			buildActionMask = 2147483647;
			files = (
				FA065C9C24AF844400A1B34F /* ShoppingListReusableCell.xib in Resources */,
				FA065CA524B1130800A1B34F /* FilterListReusableCell.xib in Resources */,
				FA065C4E24AE88E500A1B34F /* LaunchScreen.storyboard in Resources */,
				FA065C4B24AE88E500A1B34F /* Assets.xcassets in Resources */,
				FA065C4624AE88E400A1B34F /* Main.storyboard in Resources */,
			);
			runOnlyForDeploymentPostprocessing = 0;
		};
		FA065C5224AE88E500A1B34F /* Resources */ = {
			isa = PBXResourcesBuildPhase;
			buildActionMask = 2147483647;
			files = (
			);
			runOnlyForDeploymentPostprocessing = 0;
		};
		FA065C5D24AE88E500A1B34F /* Resources */ = {
			isa = PBXResourcesBuildPhase;
			buildActionMask = 2147483647;
			files = (
			);
			runOnlyForDeploymentPostprocessing = 0;
		};
/* End PBXResourcesBuildPhase section */

/* Begin PBXSourcesBuildPhase section */
		FA065C3724AE88E400A1B34F /* Sources */ = {
			isa = PBXSourcesBuildPhase;
			buildActionMask = 2147483647;
			files = (
				FA065C9324AF5F3000A1B34F /* Constants.swift in Sources */,
				FA065CA124B111AB00A1B34F /* UICollectionViewCell+HelperClass.swift in Sources */,
				FA065C7F24AF272D00A1B34F /* Network.swift in Sources */,
				FA065C9524AF838800A1B34F /* UITableView+HelperClass.swift in Sources */,
				FA065C8324AF41EC00A1B34F /* ShoppingListModel.swift in Sources */,
				FA065C9B24AF844400A1B34F /* ShoppingListReusableCell.swift in Sources */,
				FA065C9E24B0746E00A1B34F /* CoreDataWrapper.swift in Sources */,
				FA065C9824AF83E500A1B34F /* ReusableView.swift in Sources */,
				FA065C4924AE88E400A1B34F /* ShoppingList.xcdatamodeld in Sources */,
				FA065CA424B1130800A1B34F /* FilterListReusableCell.swift in Sources */,
				FA065C8E24AF4F2700A1B34F /* ShoppingListViewModel.swift in Sources */,
				FA065CC324B1C68500A1B34F /* ShoppingProductDetailViewController.swift in Sources */,
				FA065C8B24AF47FD00A1B34F /* ShoppingListViewController.swift in Sources */,
				FA065C3F24AE88E400A1B34F /* AppDelegate.swift in Sources */,
				FA065C8124AF41B400A1B34F /* NetworkRequest.swift in Sources */,
				FA065CA724B1237D00A1B34F /* CardView.swift in Sources */,
				FA065C7C24AF173700A1B34F /* Networking.swift in Sources */,
			);
			runOnlyForDeploymentPostprocessing = 0;
		};
		FA065C5024AE88E500A1B34F /* Sources */ = {
			isa = PBXSourcesBuildPhase;
			buildActionMask = 2147483647;
			files = (
				FA065C5924AE88E500A1B34F /* ShoppingListTests.swift in Sources */,
			);
			runOnlyForDeploymentPostprocessing = 0;
		};
		FA065C5B24AE88E500A1B34F /* Sources */ = {
			isa = PBXSourcesBuildPhase;
			buildActionMask = 2147483647;
			files = (
				FA065C6424AE88E500A1B34F /* ShoppingListUITests.swift in Sources */,
			);
			runOnlyForDeploymentPostprocessing = 0;
		};
/* End PBXSourcesBuildPhase section */

/* Begin PBXTargetDependency section */
		FA065C5624AE88E500A1B34F /* PBXTargetDependency */ = {
			isa = PBXTargetDependency;
			target = FA065C3A24AE88E400A1B34F /* ShoppingList */;
			targetProxy = FA065C5524AE88E500A1B34F /* PBXContainerItemProxy */;
		};
		FA065C6124AE88E500A1B34F /* PBXTargetDependency */ = {
			isa = PBXTargetDependency;
			target = FA065C3A24AE88E400A1B34F /* ShoppingList */;
			targetProxy = FA065C6024AE88E500A1B34F /* PBXContainerItemProxy */;
		};
/* End PBXTargetDependency section */

/* Begin PBXVariantGroup section */
		FA065C4424AE88E400A1B34F /* Main.storyboard */ = {
			isa = PBXVariantGroup;
			children = (
				FA065C4524AE88E400A1B34F /* Base */,
			);
			name = Main.storyboard;
			sourceTree = "<group>";
		};
		FA065C4C24AE88E500A1B34F /* LaunchScreen.storyboard */ = {
			isa = PBXVariantGroup;
			children = (
				FA065C4D24AE88E500A1B34F /* Base */,
			);
			name = LaunchScreen.storyboard;
			sourceTree = "<group>";
		};
/* End PBXVariantGroup section */

/* Begin XCBuildConfiguration section */
		FA065C6624AE88E500A1B34F /* Debug */ = {
			isa = XCBuildConfiguration;
			buildSettings = {
				ALWAYS_SEARCH_USER_PATHS = NO;
				CLANG_ANALYZER_NONNULL = YES;
				CLANG_ANALYZER_NUMBER_OBJECT_CONVERSION = YES_AGGRESSIVE;
				CLANG_CXX_LANGUAGE_STANDARD = "gnu++14";
				CLANG_CXX_LIBRARY = "libc++";
				CLANG_ENABLE_MODULES = YES;
				CLANG_ENABLE_OBJC_ARC = YES;
				CLANG_ENABLE_OBJC_WEAK = YES;
				CLANG_WARN_BLOCK_CAPTURE_AUTORELEASING = YES;
				CLANG_WARN_BOOL_CONVERSION = YES;
				CLANG_WARN_COMMA = YES;
				CLANG_WARN_CONSTANT_CONVERSION = YES;
				CLANG_WARN_DEPRECATED_OBJC_IMPLEMENTATIONS = YES;
				CLANG_WARN_DIRECT_OBJC_ISA_USAGE = YES_ERROR;
				CLANG_WARN_DOCUMENTATION_COMMENTS = YES;
				CLANG_WARN_EMPTY_BODY = YES;
				CLANG_WARN_ENUM_CONVERSION = YES;
				CLANG_WARN_INFINITE_RECURSION = YES;
				CLANG_WARN_INT_CONVERSION = YES;
				CLANG_WARN_NON_LITERAL_NULL_CONVERSION = YES;
				CLANG_WARN_OBJC_IMPLICIT_RETAIN_SELF = YES;
				CLANG_WARN_OBJC_LITERAL_CONVERSION = YES;
				CLANG_WARN_OBJC_ROOT_CLASS = YES_ERROR;
				CLANG_WARN_RANGE_LOOP_ANALYSIS = YES;
				CLANG_WARN_STRICT_PROTOTYPES = YES;
				CLANG_WARN_SUSPICIOUS_MOVE = YES;
				CLANG_WARN_UNGUARDED_AVAILABILITY = YES_AGGRESSIVE;
				CLANG_WARN_UNREACHABLE_CODE = YES;
				CLANG_WARN__DUPLICATE_METHOD_MATCH = YES;
				COPY_PHASE_STRIP = NO;
				DEBUG_INFORMATION_FORMAT = dwarf;
				ENABLE_STRICT_OBJC_MSGSEND = YES;
				ENABLE_TESTABILITY = YES;
				GCC_C_LANGUAGE_STANDARD = gnu11;
				GCC_DYNAMIC_NO_PIC = NO;
				GCC_NO_COMMON_BLOCKS = YES;
				GCC_OPTIMIZATION_LEVEL = 0;
				GCC_PREPROCESSOR_DEFINITIONS = (
					"DEBUG=1",
					"$(inherited)",
				);
				GCC_WARN_64_TO_32_BIT_CONVERSION = YES;
				GCC_WARN_ABOUT_RETURN_TYPE = YES_ERROR;
				GCC_WARN_UNDECLARED_SELECTOR = YES;
				GCC_WARN_UNINITIALIZED_AUTOS = YES_AGGRESSIVE;
				GCC_WARN_UNUSED_FUNCTION = YES;
				GCC_WARN_UNUSED_VARIABLE = YES;
				IPHONEOS_DEPLOYMENT_TARGET = 13.2;
				MTL_ENABLE_DEBUG_INFO = INCLUDE_SOURCE;
				MTL_FAST_MATH = YES;
				ONLY_ACTIVE_ARCH = YES;
				SDKROOT = iphoneos;
				SWIFT_ACTIVE_COMPILATION_CONDITIONS = DEBUG;
				SWIFT_OPTIMIZATION_LEVEL = "-Onone";
			};
			name = Debug;
		};
		FA065C6724AE88E500A1B34F /* Release */ = {
			isa = XCBuildConfiguration;
			buildSettings = {
				ALWAYS_SEARCH_USER_PATHS = NO;
				CLANG_ANALYZER_NONNULL = YES;
				CLANG_ANALYZER_NUMBER_OBJECT_CONVERSION = YES_AGGRESSIVE;
				CLANG_CXX_LANGUAGE_STANDARD = "gnu++14";
				CLANG_CXX_LIBRARY = "libc++";
				CLANG_ENABLE_MODULES = YES;
				CLANG_ENABLE_OBJC_ARC = YES;
				CLANG_ENABLE_OBJC_WEAK = YES;
				CLANG_WARN_BLOCK_CAPTURE_AUTORELEASING = YES;
				CLANG_WARN_BOOL_CONVERSION = YES;
				CLANG_WARN_COMMA = YES;
				CLANG_WARN_CONSTANT_CONVERSION = YES;
				CLANG_WARN_DEPRECATED_OBJC_IMPLEMENTATIONS = YES;
				CLANG_WARN_DIRECT_OBJC_ISA_USAGE = YES_ERROR;
				CLANG_WARN_DOCUMENTATION_COMMENTS = YES;
				CLANG_WARN_EMPTY_BODY = YES;
				CLANG_WARN_ENUM_CONVERSION = YES;
				CLANG_WARN_INFINITE_RECURSION = YES;
				CLANG_WARN_INT_CONVERSION = YES;
				CLANG_WARN_NON_LITERAL_NULL_CONVERSION = YES;
				CLANG_WARN_OBJC_IMPLICIT_RETAIN_SELF = YES;
				CLANG_WARN_OBJC_LITERAL_CONVERSION = YES;
				CLANG_WARN_OBJC_ROOT_CLASS = YES_ERROR;
				CLANG_WARN_RANGE_LOOP_ANALYSIS = YES;
				CLANG_WARN_STRICT_PROTOTYPES = YES;
				CLANG_WARN_SUSPICIOUS_MOVE = YES;
				CLANG_WARN_UNGUARDED_AVAILABILITY = YES_AGGRESSIVE;
				CLANG_WARN_UNREACHABLE_CODE = YES;
				CLANG_WARN__DUPLICATE_METHOD_MATCH = YES;
				COPY_PHASE_STRIP = NO;
				DEBUG_INFORMATION_FORMAT = "dwarf-with-dsym";
				ENABLE_NS_ASSERTIONS = NO;
				ENABLE_STRICT_OBJC_MSGSEND = YES;
				GCC_C_LANGUAGE_STANDARD = gnu11;
				GCC_NO_COMMON_BLOCKS = YES;
				GCC_WARN_64_TO_32_BIT_CONVERSION = YES;
				GCC_WARN_ABOUT_RETURN_TYPE = YES_ERROR;
				GCC_WARN_UNDECLARED_SELECTOR = YES;
				GCC_WARN_UNINITIALIZED_AUTOS = YES_AGGRESSIVE;
				GCC_WARN_UNUSED_FUNCTION = YES;
				GCC_WARN_UNUSED_VARIABLE = YES;
				IPHONEOS_DEPLOYMENT_TARGET = 13.2;
				MTL_ENABLE_DEBUG_INFO = NO;
				MTL_FAST_MATH = YES;
				SDKROOT = iphoneos;
				SWIFT_COMPILATION_MODE = wholemodule;
				SWIFT_OPTIMIZATION_LEVEL = "-O";
				VALIDATE_PRODUCT = YES;
			};
			name = Release;
		};
		FA065C6924AE88E500A1B34F /* Debug */ = {
			isa = XCBuildConfiguration;
			buildSettings = {
				ASSETCATALOG_COMPILER_APPICON_NAME = AppIcon;
				CODE_SIGN_STYLE = Automatic;
				INFOPLIST_FILE = ShoppingList/Info.plist;
				IPHONEOS_DEPLOYMENT_TARGET = 10.0;
				LD_RUNPATH_SEARCH_PATHS = (
					"$(inherited)",
					"@executable_path/Frameworks",
				);
				PRODUCT_BUNDLE_IDENTIFIER = isingh.ShoppingList;
				PRODUCT_NAME = "$(TARGET_NAME)";
				SWIFT_VERSION = 5.0;
				TARGETED_DEVICE_FAMILY = "1,2";
			};
			name = Debug;
		};
		FA065C6A24AE88E500A1B34F /* Release */ = {
			isa = XCBuildConfiguration;
			buildSettings = {
				ASSETCATALOG_COMPILER_APPICON_NAME = AppIcon;
				CODE_SIGN_STYLE = Automatic;
				INFOPLIST_FILE = ShoppingList/Info.plist;
				IPHONEOS_DEPLOYMENT_TARGET = 10.0;
				LD_RUNPATH_SEARCH_PATHS = (
					"$(inherited)",
					"@executable_path/Frameworks",
				);
				PRODUCT_BUNDLE_IDENTIFIER = isingh.ShoppingList;
				PRODUCT_NAME = "$(TARGET_NAME)";
				SWIFT_VERSION = 5.0;
				TARGETED_DEVICE_FAMILY = "1,2";
			};
			name = Release;
		};
		FA065C6C24AE88E500A1B34F /* Debug */ = {
			isa = XCBuildConfiguration;
			buildSettings = {
				ALWAYS_EMBED_SWIFT_STANDARD_LIBRARIES = YES;
				BUNDLE_LOADER = "$(TEST_HOST)";
				CODE_SIGN_STYLE = Automatic;
				INFOPLIST_FILE = ShoppingListTests/Info.plist;
				IPHONEOS_DEPLOYMENT_TARGET = 13.2;
				LD_RUNPATH_SEARCH_PATHS = (
					"$(inherited)",
					"@executable_path/Frameworks",
					"@loader_path/Frameworks",
				);
				PRODUCT_BUNDLE_IDENTIFIER = isingh.ShoppingListTests;
				PRODUCT_NAME = "$(TARGET_NAME)";
				SWIFT_VERSION = 5.0;
				TARGETED_DEVICE_FAMILY = "1,2";
				TEST_HOST = "$(BUILT_PRODUCTS_DIR)/ShoppingList.app/ShoppingList";
			};
			name = Debug;
		};
		FA065C6D24AE88E500A1B34F /* Release */ = {
			isa = XCBuildConfiguration;
			buildSettings = {
				ALWAYS_EMBED_SWIFT_STANDARD_LIBRARIES = YES;
				BUNDLE_LOADER = "$(TEST_HOST)";
				CODE_SIGN_STYLE = Automatic;
				INFOPLIST_FILE = ShoppingListTests/Info.plist;
				IPHONEOS_DEPLOYMENT_TARGET = 13.2;
				LD_RUNPATH_SEARCH_PATHS = (
					"$(inherited)",
					"@executable_path/Frameworks",
					"@loader_path/Frameworks",
				);
				PRODUCT_BUNDLE_IDENTIFIER = isingh.ShoppingListTests;
				PRODUCT_NAME = "$(TARGET_NAME)";
				SWIFT_VERSION = 5.0;
				TARGETED_DEVICE_FAMILY = "1,2";
				TEST_HOST = "$(BUILT_PRODUCTS_DIR)/ShoppingList.app/ShoppingList";
			};
			name = Release;
		};
		FA065C6F24AE88E500A1B34F /* Debug */ = {
			isa = XCBuildConfiguration;
			buildSettings = {
				ALWAYS_EMBED_SWIFT_STANDARD_LIBRARIES = YES;
				CODE_SIGN_STYLE = Automatic;
				INFOPLIST_FILE = ShoppingListUITests/Info.plist;
				LD_RUNPATH_SEARCH_PATHS = (
					"$(inherited)",
					"@executable_path/Frameworks",
					"@loader_path/Frameworks",
				);
				PRODUCT_BUNDLE_IDENTIFIER = isingh.ShoppingListUITests;
				PRODUCT_NAME = "$(TARGET_NAME)";
				SWIFT_VERSION = 5.0;
				TARGETED_DEVICE_FAMILY = "1,2";
				TEST_TARGET_NAME = ShoppingList;
			};
			name = Debug;
		};
		FA065C7024AE88E500A1B34F /* Release */ = {
			isa = XCBuildConfiguration;
			buildSettings = {
				ALWAYS_EMBED_SWIFT_STANDARD_LIBRARIES = YES;
				CODE_SIGN_STYLE = Automatic;
				INFOPLIST_FILE = ShoppingListUITests/Info.plist;
				LD_RUNPATH_SEARCH_PATHS = (
					"$(inherited)",
					"@executable_path/Frameworks",
					"@loader_path/Frameworks",
				);
				PRODUCT_BUNDLE_IDENTIFIER = isingh.ShoppingListUITests;
				PRODUCT_NAME = "$(TARGET_NAME)";
				SWIFT_VERSION = 5.0;
				TARGETED_DEVICE_FAMILY = "1,2";
				TEST_TARGET_NAME = ShoppingList;
			};
			name = Release;
		};
/* End XCBuildConfiguration section */

/* Begin XCConfigurationList section */
		FA065C3624AE88E400A1B34F /* Build configuration list for PBXProject "ShoppingList" */ = {
			isa = XCConfigurationList;
			buildConfigurations = (
				FA065C6624AE88E500A1B34F /* Debug */,
				FA065C6724AE88E500A1B34F /* Release */,
			);
			defaultConfigurationIsVisible = 0;
			defaultConfigurationName = Release;
		};
		FA065C6824AE88E500A1B34F /* Build configuration list for PBXNativeTarget "ShoppingList" */ = {
			isa = XCConfigurationList;
			buildConfigurations = (
				FA065C6924AE88E500A1B34F /* Debug */,
				FA065C6A24AE88E500A1B34F /* Release */,
			);
			defaultConfigurationIsVisible = 0;
			defaultConfigurationName = Release;
		};
		FA065C6B24AE88E500A1B34F /* Build configuration list for PBXNativeTarget "ShoppingListTests" */ = {
			isa = XCConfigurationList;
			buildConfigurations = (
				FA065C6C24AE88E500A1B34F /* Debug */,
				FA065C6D24AE88E500A1B34F /* Release */,
			);
			defaultConfigurationIsVisible = 0;
			defaultConfigurationName = Release;
		};
		FA065C6E24AE88E500A1B34F /* Build configuration list for PBXNativeTarget "ShoppingListUITests" */ = {
			isa = XCConfigurationList;
			buildConfigurations = (
				FA065C6F24AE88E500A1B34F /* Debug */,
				FA065C7024AE88E500A1B34F /* Release */,
			);
			defaultConfigurationIsVisible = 0;
			defaultConfigurationName = Release;
		};
/* End XCConfigurationList section */

/* Begin XCVersionGroup section */
		FA065C4724AE88E400A1B34F /* ShoppingList.xcdatamodeld */ = {
			isa = XCVersionGroup;
			children = (
				FA065C4824AE88E400A1B34F /* ShoppingList.xcdatamodel */,
			);
			currentVersion = FA065C4824AE88E400A1B34F /* ShoppingList.xcdatamodel */;
			path = ShoppingList.xcdatamodeld;
			sourceTree = "<group>";
			versionGroupType = wrapper.xcdatamodel;
		};
/* End XCVersionGroup section */
	};
	rootObject = FA065C3324AE88E400A1B34F /* Project object */;
}
